
Microsoft Visual Studio Solution File, Format Version 12.00
# Visual Studio Version 16
VisualStudioVersion = 16.0.30717.126
MinimumVisualStudioVersion = 10.0.40219.1
Project("{FAE04EC0-301F-11D3-BF4B-00C04F79EFBC}") = "TestSendArchivo", "TestSendArchivo\TestSendArchivo.csproj", "{643F969C-35FF-4BDF-A826-5CC158AE06F4}"
EndProject
Project("{FAE04EC0-301F-11D3-BF4B-00C04F79EFBC}") = "Sockets", "sockets\Sockets.csproj", "{1F571C58-B8A3-432F-9EE9-C23F11D497C5}"
EndProject
Project("{FAE04EC0-301F-11D3-BF4B-00C04F79EFBC}") = "udpClientTest", "udpClientTest\udpClientTest.csproj", "{D55CF5A6-22B4-4DBD-8C77-25039EE8A9B0}"
EndProject
Project("{FAE04EC0-301F-11D3-BF4B-00C04F79EFBC}") = "SimpleServer", "SimpleServer\SimpleServer.csproj", "{71B1B1E4-427F-439D-985B-AEA1A8277F2D}"
EndProject
Project("{FAE04EC0-301F-11D3-BF4B-00C04F79EFBC}") = "DummyClients", "DummyClients\DummyClients.csproj", "{83945D71-1FFB-4B76-B84D-A97F9A25DE1A}"
EndProject
Project("{FAE04EC0-301F-11D3-BF4B-00C04F79EFBC}") = "UnityClientSocket", "UnityClientSocket\UnityClientSocket.csproj", "{1CB6A344-DBEC-4A47-B849-A17248BC2035}"
EndProject
Project("{FAE04EC0-301F-11D3-BF4B-00C04F79EFBC}") = "UnityDummyClient", "UnityDummyClient\UnityDummyClient.csproj", "{830663D4-C8D2-4FC2-8B4F-715B67897CA0}"
EndProject
Global
	GlobalSection(SolutionConfigurationPlatforms) = preSolution
		Debug|Any CPU = Debug|Any CPU
		Debug|x64 = Debug|x64
		Debug|x86 = Debug|x86
		Release|Any CPU = Release|Any CPU
		Release|x64 = Release|x64
		Release|x86 = Release|x86
	EndGlobalSection
	GlobalSection(ProjectConfigurationPlatforms) = postSolution
		{643F969C-35FF-4BDF-A826-5CC158AE06F4}.Debug|Any CPU.ActiveCfg = Debug|Any CPU
		{643F969C-35FF-4BDF-A826-5CC158AE06F4}.Debug|Any CPU.Build.0 = Debug|Any CPU
		{643F969C-35FF-4BDF-A826-5CC158AE06F4}.Debug|x64.ActiveCfg = Debug|Any CPU
		{643F969C-35FF-4BDF-A826-5CC158AE06F4}.Debug|x64.Build.0 = Debug|Any CPU
		{643F969C-35FF-4BDF-A826-5CC158AE06F4}.Debug|x86.ActiveCfg = Debug|Any CPU
		{643F969C-35FF-4BDF-A826-5CC158AE06F4}.Debug|x86.Build.0 = Debug|Any CPU
		{643F969C-35FF-4BDF-A826-5CC158AE06F4}.Release|Any CPU.ActiveCfg = Release|Any CPU
		{643F969C-35FF-4BDF-A826-5CC158AE06F4}.Release|Any CPU.Build.0 = Release|Any CPU
		{643F969C-35FF-4BDF-A826-5CC158AE06F4}.Release|x64.ActiveCfg = Release|Any CPU
		{643F969C-35FF-4BDF-A826-5CC158AE06F4}.Release|x64.Build.0 = Release|Any CPU
		{643F969C-35FF-4BDF-A826-5CC158AE06F4}.Release|x86.ActiveCfg = Release|Any CPU
		{643F969C-35FF-4BDF-A826-5CC158AE06F4}.Release|x86.Build.0 = Release|Any CPU
		{1F571C58-B8A3-432F-9EE9-C23F11D497C5}.Debug|Any CPU.ActiveCfg = Debug|Any CPU
		{1F571C58-B8A3-432F-9EE9-C23F11D497C5}.Debug|Any CPU.Build.0 = Debug|Any CPU
		{1F571C58-B8A3-432F-9EE9-C23F11D497C5}.Debug|x64.ActiveCfg = Debug|Any CPU
		{1F571C58-B8A3-432F-9EE9-C23F11D497C5}.Debug|x64.Build.0 = Debug|Any CPU
		{1F571C58-B8A3-432F-9EE9-C23F11D497C5}.Debug|x86.ActiveCfg = Debug|Any CPU
		{1F571C58-B8A3-432F-9EE9-C23F11D497C5}.Debug|x86.Build.0 = Debug|Any CPU
		{1F571C58-B8A3-432F-9EE9-C23F11D497C5}.Release|Any CPU.ActiveCfg = Release|Any CPU
		{1F571C58-B8A3-432F-9EE9-C23F11D497C5}.Release|Any CPU.Build.0 = Release|Any CPU
		{1F571C58-B8A3-432F-9EE9-C23F11D497C5}.Release|x64.ActiveCfg = Release|Any CPU
		{1F571C58-B8A3-432F-9EE9-C23F11D497C5}.Release|x64.Build.0 = Release|Any CPU
		{1F571C58-B8A3-432F-9EE9-C23F11D497C5}.Release|x86.ActiveCfg = Release|Any CPU
		{1F571C58-B8A3-432F-9EE9-C23F11D497C5}.Release|x86.Build.0 = Release|Any CPU
		{D55CF5A6-22B4-4DBD-8C77-25039EE8A9B0}.Debug|Any CPU.ActiveCfg = Debug|Any CPU
		{D55CF5A6-22B4-4DBD-8C77-25039EE8A9B0}.Debug|Any CPU.Build.0 = Debug|Any CPU
		{D55CF5A6-22B4-4DBD-8C77-25039EE8A9B0}.Debug|x64.ActiveCfg = Debug|Any CPU
		{D55CF5A6-22B4-4DBD-8C77-25039EE8A9B0}.Debug|x64.Build.0 = Debug|Any CPU
		{D55CF5A6-22B4-4DBD-8C77-25039EE8A9B0}.Debug|x86.ActiveCfg = Debug|Any CPU
		{D55CF5A6-22B4-4DBD-8C77-25039EE8A9B0}.Debug|x86.Build.0 = Debug|Any CPU
		{D55CF5A6-22B4-4DBD-8C77-25039EE8A9B0}.Release|Any CPU.ActiveCfg = Release|Any CPU
		{D55CF5A6-22B4-4DBD-8C77-25039EE8A9B0}.Release|Any CPU.Build.0 = Release|Any CPU
		{D55CF5A6-22B4-4DBD-8C77-25039EE8A9B0}.Release|x64.ActiveCfg = Release|Any CPU
		{D55CF5A6-22B4-4DBD-8C77-25039EE8A9B0}.Release|x64.Build.0 = Release|Any CPU
		{D55CF5A6-22B4-4DBD-8C77-25039EE8A9B0}.Release|x86.ActiveCfg = Release|Any CPU
		{D55CF5A6-22B4-4DBD-8C77-25039EE8A9B0}.Release|x86.Build.0 = Release|Any CPU
		{71B1B1E4-427F-439D-985B-AEA1A8277F2D}.Debug|Any CPU.ActiveCfg = Debug|Any CPU
		{71B1B1E4-427F-439D-985B-AEA1A8277F2D}.Debug|Any CPU.Build.0 = Debug|Any CPU
		{71B1B1E4-427F-439D-985B-AEA1A8277F2D}.Debug|x64.ActiveCfg = Debug|Any CPU
		{71B1B1E4-427F-439D-985B-AEA1A8277F2D}.Debug|x64.Build.0 = Debug|Any CPU
		{71B1B1E4-427F-439D-985B-AEA1A8277F2D}.Debug|x86.ActiveCfg = Debug|Any CPU
		{71B1B1E4-427F-439D-985B-AEA1A8277F2D}.Debug|x86.Build.0 = Debug|Any CPU
		{71B1B1E4-427F-439D-985B-AEA1A8277F2D}.Release|Any CPU.ActiveCfg = Release|Any CPU
		{71B1B1E4-427F-439D-985B-AEA1A8277F2D}.Release|Any CPU.Build.0 = Release|Any CPU
		{71B1B1E4-427F-439D-985B-AEA1A8277F2D}.Release|x64.ActiveCfg = Release|Any CPU
		{71B1B1E4-427F-439D-985B-AEA1A8277F2D}.Release|x64.Build.0 = Release|Any CPU
		{71B1B1E4-427F-439D-985B-AEA1A8277F2D}.Release|x86.ActiveCfg = Release|Any CPU
		{71B1B1E4-427F-439D-985B-AEA1A8277F2D}.Release|x86.Build.0 = Release|Any CPU
		{83945D71-1FFB-4B76-B84D-A97F9A25DE1A}.Debug|Any CPU.ActiveCfg = Debug|Any CPU
		{83945D71-1FFB-4B76-B84D-A97F9A25DE1A}.Debug|Any CPU.Build.0 = Debug|Any CPU
		{83945D71-1FFB-4B76-B84D-A97F9A25DE1A}.Debug|x64.ActiveCfg = Debug|Any CPU
		{83945D71-1FFB-4B76-B84D-A97F9A25DE1A}.Debug|x64.Build.0 = Debug|Any CPU
		{83945D71-1FFB-4B76-B84D-A97F9A25DE1A}.Debug|x86.ActiveCfg = Debug|Any CPU
		{83945D71-1FFB-4B76-B84D-A97F9A25DE1A}.Debug|x86.Build.0 = Debug|Any CPU
		{83945D71-1FFB-4B76-B84D-A97F9A25DE1A}.Release|Any CPU.ActiveCfg = Release|Any CPU
		{83945D71-1FFB-4B76-B84D-A97F9A25DE1A}.Release|Any CPU.Build.0 = Release|Any CPU
		{83945D71-1FFB-4B76-B84D-A97F9A25DE1A}.Release|x64.ActiveCfg = Release|Any CPU
		{83945D71-1FFB-4B76-B84D-A97F9A25DE1A}.Release|x64.Build.0 = Release|Any CPU
		{83945D71-1FFB-4B76-B84D-A97F9A25DE1A}.Release|x86.ActiveCfg = Release|Any CPU
		{83945D71-1FFB-4B76-B84D-A97F9A25DE1A}.Release|x86.Build.0 = Release|Any CPU
		{1CB6A344-DBEC-4A47-B849-A17248BC2035}.Debug|Any CPU.ActiveCfg = Debug|Any CPU
		{1CB6A344-DBEC-4A47-B849-A17248BC2035}.Debug|Any CPU.Build.0 = Debug|Any CPU
		{1CB6A344-DBEC-4A47-B849-A17248BC2035}.Debug|x64.ActiveCfg = Debug|Any CPU
		{1CB6A344-DBEC-4A47-B849-A17248BC2035}.Debug|x64.Build.0 = Debug|Any CPU
		{1CB6A344-DBEC-4A47-B849-A17248BC2035}.Debug|x86.ActiveCfg = Debug|Any CPU
		{1CB6A344-DBEC-4A47-B849-A17248BC2035}.Debug|x86.Build.0 = Debug|Any CPU
		{1CB6A344-DBEC-4A47-B849-A17248BC2035}.Release|Any CPU.ActiveCfg = Release|Any CPU
		{1CB6A344-DBEC-4A47-B849-A17248BC2035}.Release|Any CPU.Build.0 = Release|Any CPU
		{1CB6A344-DBEC-4A47-B849-A17248BC2035}.Release|x64.ActiveCfg = Release|Any CPU
		{1CB6A344-DBEC-4A47-B849-A17248BC2035}.Release|x64.Build.0 = Release|Any CPU
		{1CB6A344-DBEC-4A47-B849-A17248BC2035}.Release|x86.ActiveCfg = Release|Any CPU
		{1CB6A344-DBEC-4A47-B849-A17248BC2035}.Release|x86.Build.0 = Release|Any CPU
		{830663D4-C8D2-4FC2-8B4F-715B67897CA0}.Debug|Any CPU.ActiveCfg = Debug|Any CPU
		{830663D4-C8D2-4FC2-8B4F-715B67897CA0}.Debug|Any CPU.Build.0 = Debug|Any CPU
		{830663D4-C8D2-4FC2-8B4F-715B67897CA0}.Debug|x64.ActiveCfg = Debug|Any CPU
		{830663D4-C8D2-4FC2-8B4F-715B67897CA0}.Debug|x64.Build.0 = Debug|Any CPU
		{830663D4-C8D2-4FC2-8B4F-715B67897CA0}.Debug|x86.ActiveCfg = Debug|Any CPU
		{830663D4-C8D2-4FC2-8B4F-715B67897CA0}.Debug|x86.Build.0 = Debug|Any CPU
		{830663D4-C8D2-4FC2-8B4F-715B67897CA0}.Release|Any CPU.ActiveCfg = Release|Any CPU
		{830663D4-C8D2-4FC2-8B4F-715B67897CA0}.Release|Any CPU.Build.0 = Release|Any CPU
		{830663D4-C8D2-4FC2-8B4F-715B67897CA0}.Release|x64.ActiveCfg = Release|Any CPU
		{830663D4-C8D2-4FC2-8B4F-715B67897CA0}.Release|x64.Build.0 = Release|Any CPU
		{830663D4-C8D2-4FC2-8B4F-715B67897CA0}.Release|x86.ActiveCfg = Release|Any CPU
		{830663D4-C8D2-4FC2-8B4F-715B67897CA0}.Release|x86.Build.0 = Release|Any CPU
	EndGlobalSection
	GlobalSection(SolutionProperties) = preSolution
		HideSolutionNode = FALSE
	EndGlobalSection
	GlobalSection(ExtensibilityGlobals) = postSolution
		SolutionGuid = {1FA87FAB-690A-42A1-B527-CE1EB4A1DC23}
	EndGlobalSection
EndGlobal
